
Microsoft Visual Studio Solution File, Format Version 12.00
# Visual Studio Version 17
VisualStudioVersion = 17.3.32929.385
MinimumVisualStudioVersion = 10.0.40219.1
Project("{FAE04EC0-301F-11D3-BF4B-00C04F79EFBC}") = "photocutter", "photocutter.csproj", "{4969258E-FBFF-4F0B-A814-EECE1A7E770B}"
EndProject
Global
	GlobalSection(SolutionConfigurationPlatforms) = preSolution
		Debug|Any CPU = Debug|Any CPU
		Release|Any CPU = Release|Any CPU
	EndGlobalSection
	GlobalSection(ProjectConfigurationPlatforms) = postSolution
		{4969258E-FBFF-4F0B-A814-EECE1A7E770B}.Debug|Any CPU.ActiveCfg = Debug|Any CPU
		{4969258E-FBFF-4F0B-A814-EECE1A7E770B}.Debug|Any CPU.Build.0 = Debug|Any CPU
		{4969258E-FBFF-4F0B-A814-EECE1A7E770B}.Release|Any CPU.ActiveCfg = Release|Any CPU
		{4969258E-FBFF-4F0B-A814-EECE1A7E770B}.Release|Any CPU.Build.0 = Release|Any CPU
	EndGlobalSection
	GlobalSection(SolutionProperties) = preSolution
		HideSolutionNode = FALSE
	EndGlobalSection
	GlobalSection(ExtensibilityGlobals) = postSolution
		SolutionGuid = {2C3F7753-FD50-4E14-942F-9306175095E7}
	EndGlobalSection
EndGlobal
